# THIS IS AN AUTOGENERATED FILE. DO NOT EDIT THIS FILE DIRECTLY.
# yarn lockfile v1


"@cspotcode/source-map-support@^0.8.0":
  "version" "0.8.1"
  dependencies:
    "@jridgewell/trace-mapping" "0.3.9"

"@eslint-community/eslint-utils@^4.2.0":
  "version" "4.4.0"
  dependencies:
    "eslint-visitor-keys" "^3.3.0"

"@eslint-community/regexpp@^4.4.0":
  "version" "4.5.1"

"@eslint/eslintrc@^2.0.3":
  "version" "2.0.3"
  dependencies:
    "ajv" "^6.12.4"
    "debug" "^4.3.2"
    "espree" "^9.5.2"
    "globals" "^13.19.0"
    "ignore" "^5.2.0"
    "import-fresh" "^3.2.1"
    "js-yaml" "^4.1.0"
    "minimatch" "^3.1.2"
    "strip-json-comments" "^3.1.1"

"@eslint/js@8.41.0":
  "version" "8.41.0"

"@humanwhocodes/config-array@^0.11.8":
  "version" "0.11.8"
  dependencies:
    "@humanwhocodes/object-schema" "^1.2.1"
    "debug" "^4.1.1"
    "minimatch" "^3.0.5"

"@humanwhocodes/module-importer@^1.0.1":
  "version" "1.0.1"

"@humanwhocodes/object-schema@^1.2.1":
  "version" "1.2.1"

"@jridgewell/resolve-uri@^3.0.3":
  "version" "3.1.1"

"@jridgewell/sourcemap-codec@^1.4.10":
  "version" "1.4.15"

"@jridgewell/trace-mapping@0.3.9":
  "version" "0.3.9"
  dependencies:
    "@jridgewell/resolve-uri" "^3.0.3"
    "@jridgewell/sourcemap-codec" "^1.4.10"

"@mapbox/node-pre-gyp@^1.0.10":
  "version" "1.0.10"
  dependencies:
    "detect-libc" "^2.0.0"
    "https-proxy-agent" "^5.0.0"
    "make-dir" "^3.1.0"
    "node-fetch" "^2.6.7"
    "nopt" "^5.0.0"
    "npmlog" "^5.0.1"
    "rimraf" "^3.0.2"
    "semver" "^7.3.5"
    "tar" "^6.1.11"

"@nodelib/fs.scandir@2.1.5":
  "version" "2.1.5"
  dependencies:
    "@nodelib/fs.stat" "2.0.5"
    "run-parallel" "^1.1.9"

"@nodelib/fs.stat@^2.0.2", "@nodelib/fs.stat@2.0.5":
  "version" "2.0.5"

"@nodelib/fs.walk@^1.2.3", "@nodelib/fs.walk@^1.2.8":
  "version" "1.2.8"
  dependencies:
    "@nodelib/fs.scandir" "2.1.5"
    "fastq" "^1.6.0"

"@tsconfig/node10@^1.0.7":
  "version" "1.0.9"

"@tsconfig/node12@^1.0.7":
  "version" "1.0.11"

"@tsconfig/node14@^1.0.0":
  "version" "1.0.3"

"@tsconfig/node16@^1.0.2":
  "version" "1.0.4"

"@types/bcrypt@^5.0.0":
  "version" "5.0.0"
  dependencies:
    "@types/node" "*"

"@types/body-parser@*":
  "version" "1.19.2"
  dependencies:
    "@types/connect" "*"
    "@types/node" "*"

"@types/connect@*":
  "version" "3.4.35"
  dependencies:
    "@types/node" "*"

"@types/cookie-parser@^1.4.3":
  "version" "1.4.3"
  dependencies:
    "@types/express" "*"

"@types/cors@^2.8.13":
  "version" "2.8.13"
  dependencies:
    "@types/node" "*"

"@types/express-serve-static-core@^4.17.33":
  "version" "4.17.35"
  dependencies:
    "@types/node" "*"
    "@types/qs" "*"
    "@types/range-parser" "*"
    "@types/send" "*"

"@types/express@*", "@types/express@^4.17.17":
  "version" "4.17.17"
  dependencies:
    "@types/body-parser" "*"
    "@types/express-serve-static-core" "^4.17.33"
    "@types/qs" "*"
    "@types/serve-static" "*"

"@types/http-status@^1.1.2":
  "version" "1.1.2"
  dependencies:
    "http-status" "*"

"@types/json-schema@^7.0.9":
  "version" "7.0.12"

"@types/jsonwebtoken@^9.0.2":
  "version" "9.0.2"
  dependencies:
    "@types/node" "*"

"@types/mime@*":
  "version" "3.0.1"

"@types/mime@^1":
  "version" "1.3.2"

"@types/node@*", "@types/node@>=8.1.0":
  "version" "20.2.5"

"@types/qs@*":
  "version" "6.9.7"

"@types/range-parser@*":
  "version" "1.2.4"

"@types/semver@^7.3.12":
  "version" "7.5.0"

"@types/send@*":
  "version" "0.17.1"
  dependencies:
    "@types/mime" "^1"
    "@types/node" "*"

"@types/serve-static@*":
  "version" "1.15.1"
  dependencies:
    "@types/mime" "*"
    "@types/node" "*"

"@types/strip-bom@^3.0.0":
  "version" "3.0.0"

"@types/strip-json-comments@0.0.30":
  "version" "0.0.30"

"@types/webidl-conversions@*":
  "version" "7.0.0"

"@types/whatwg-url@^8.2.1":
  "version" "8.2.2"
  dependencies:
    "@types/node" "*"
    "@types/webidl-conversions" "*"

"@typescript-eslint/eslint-plugin@^5.59.7":
  "version" "5.59.7"
  dependencies:
    "@eslint-community/regexpp" "^4.4.0"
    "@typescript-eslint/scope-manager" "5.59.7"
    "@typescript-eslint/type-utils" "5.59.7"
    "@typescript-eslint/utils" "5.59.7"
    "debug" "^4.3.4"
    "grapheme-splitter" "^1.0.4"
    "ignore" "^5.2.0"
    "natural-compare-lite" "^1.4.0"
    "semver" "^7.3.7"
    "tsutils" "^3.21.0"

"@typescript-eslint/parser@^5.59.7":
  "version" "5.59.7"
  dependencies:
    "@typescript-eslint/scope-manager" "5.59.7"
    "@typescript-eslint/types" "5.59.7"
    "@typescript-eslint/typescript-estree" "5.59.7"
    "debug" "^4.3.4"

"@typescript-eslint/scope-manager@5.59.7":
  "version" "5.59.7"
  dependencies:
    "@typescript-eslint/types" "5.59.7"
    "@typescript-eslint/visitor-keys" "5.59.7"

"@typescript-eslint/type-utils@5.59.7":
  "version" "5.59.7"
  dependencies:
    "@typescript-eslint/typescript-estree" "5.59.7"
    "@typescript-eslint/utils" "5.59.7"
    "debug" "^4.3.4"
    "tsutils" "^3.21.0"

"@typescript-eslint/types@5.59.7":
  "version" "5.59.7"

"@typescript-eslint/typescript-estree@5.59.7":
  "version" "5.59.7"
  dependencies:
    "@typescript-eslint/types" "5.59.7"
    "@typescript-eslint/visitor-keys" "5.59.7"
    "debug" "^4.3.4"
    "globby" "^11.1.0"
    "is-glob" "^4.0.3"
    "semver" "^7.3.7"
    "tsutils" "^3.21.0"

"@typescript-eslint/utils@5.59.7":
  "version" "5.59.7"
  dependencies:
    "@eslint-community/eslint-utils" "^4.2.0"
    "@types/json-schema" "^7.0.9"
    "@types/semver" "^7.3.12"
    "@typescript-eslint/scope-manager" "5.59.7"
    "@typescript-eslint/types" "5.59.7"
    "@typescript-eslint/typescript-estree" "5.59.7"
    "eslint-scope" "^5.1.1"
    "semver" "^7.3.7"

"@typescript-eslint/visitor-keys@5.59.7":
  "version" "5.59.7"
  dependencies:
    "@typescript-eslint/types" "5.59.7"
    "eslint-visitor-keys" "^3.3.0"

"abbrev@1":
  "version" "1.1.1"

"accepts@~1.3.8":
  "version" "1.3.8"
  dependencies:
    "mime-types" "~2.1.34"
    "negotiator" "0.6.3"

"acorn-jsx@^5.3.2":
  "version" "5.3.2"

"acorn-walk@^8.1.1":
  "version" "8.2.0"

"acorn@^8.4.1", "acorn@^8.8.0":
  "version" "8.8.2"

"agent-base@6":
  "version" "6.0.2"
  dependencies:
    "debug" "4"

"aggregate-error@^3.0.0":
  "version" "3.1.0"
  dependencies:
    "clean-stack" "^2.0.0"
    "indent-string" "^4.0.0"

"ajv@^6.10.0", "ajv@^6.12.4":
  "version" "6.12.6"
  dependencies:
    "fast-deep-equal" "^3.1.1"
    "fast-json-stable-stringify" "^2.0.0"
    "json-schema-traverse" "^0.4.1"
    "uri-js" "^4.2.2"

"ansi-escapes@^4.3.0":
  "version" "4.3.2"
  dependencies:
    "type-fest" "^0.21.3"

"ansi-regex@^5.0.1":
  "version" "5.0.1"

"ansi-regex@^6.0.1":
  "version" "6.0.1"

"ansi-styles@^4.0.0", "ansi-styles@^4.1.0":
  "version" "4.3.0"
  dependencies:
    "color-convert" "^2.0.1"

"ansi-styles@^6.0.0":
  "version" "6.2.1"

"anymatch@~3.1.2":
  "version" "3.1.3"
  dependencies:
    "normalize-path" "^3.0.0"
    "picomatch" "^2.0.4"

"aproba@^1.0.3 || ^2.0.0":
  "version" "2.0.0"

"are-we-there-yet@^2.0.0":
  "version" "2.0.0"
  dependencies:
    "delegates" "^1.0.0"
    "readable-stream" "^3.6.0"

"arg@^4.1.0":
  "version" "4.1.3"

"argparse@^2.0.1":
  "version" "2.0.1"

"array-flatten@1.1.1":
  "version" "1.1.1"

"array-union@^2.1.0":
  "version" "2.1.0"

"astral-regex@^2.0.0":
  "version" "2.0.0"

"balanced-match@^1.0.0":
  "version" "1.0.2"

"bcrypt@^5.1.0":
  "version" "5.1.0"
  dependencies:
    "@mapbox/node-pre-gyp" "^1.0.10"
    "node-addon-api" "^5.0.0"

"binary-extensions@^2.0.0":
  "version" "2.2.0"

"body-parser@^1.20.2":
  "version" "1.20.2"
  dependencies:
    "bytes" "3.1.2"
    "content-type" "~1.0.5"
    "debug" "2.6.9"
    "depd" "2.0.0"
    "destroy" "1.2.0"
    "http-errors" "2.0.0"
    "iconv-lite" "0.4.24"
    "on-finished" "2.4.1"
    "qs" "6.11.0"
    "raw-body" "2.5.2"
    "type-is" "~1.6.18"
    "unpipe" "1.0.0"

"body-parser@1.20.1":
  "version" "1.20.1"
  dependencies:
    "bytes" "3.1.2"
    "content-type" "~1.0.4"
    "debug" "2.6.9"
    "depd" "2.0.0"
    "destroy" "1.2.0"
    "http-errors" "2.0.0"
    "iconv-lite" "0.4.24"
    "on-finished" "2.4.1"
    "qs" "6.11.0"
    "raw-body" "2.5.1"
    "type-is" "~1.6.18"
    "unpipe" "1.0.0"

"brace-expansion@^1.1.7":
  "version" "1.1.11"
  dependencies:
    "balanced-match" "^1.0.0"
    "concat-map" "0.0.1"

"braces@^3.0.2", "braces@~3.0.2":
  "version" "3.0.2"
  dependencies:
    "fill-range" "^7.0.1"

"bson@^5.4.0":
  "version" "5.4.0"

"buffer-equal-constant-time@1.0.1":
  "version" "1.0.1"

"buffer-from@^1.0.0":
  "version" "1.1.2"

"bytes@3.1.2":
  "version" "3.1.2"

"call-bind@^1.0.0":
  "version" "1.0.2"
  dependencies:
    "function-bind" "^1.1.1"
    "get-intrinsic" "^1.0.2"

"callsites@^3.0.0":
  "version" "3.1.0"

"chalk@^4.0.0":
  "version" "4.1.2"
  dependencies:
    "ansi-styles" "^4.1.0"
    "supports-color" "^7.1.0"

"chalk@5.2.0":
  "version" "5.2.0"

"chokidar@^3.5.1":
  "version" "3.5.3"
  dependencies:
    "anymatch" "~3.1.2"
    "braces" "~3.0.2"
    "glob-parent" "~5.1.2"
    "is-binary-path" "~2.1.0"
    "is-glob" "~4.0.1"
    "normalize-path" "~3.0.0"
    "readdirp" "~3.6.0"
  optionalDependencies:
    "fsevents" "~2.3.2"

"chownr@^2.0.0":
  "version" "2.0.0"

"clean-stack@^2.0.0":
  "version" "2.2.0"

"cli-cursor@^3.1.0":
  "version" "3.1.0"
  dependencies:
    "restore-cursor" "^3.1.0"

"cli-truncate@^2.1.0":
  "version" "2.1.0"
  dependencies:
    "slice-ansi" "^3.0.0"
    "string-width" "^4.2.0"

"cli-truncate@^3.1.0":
  "version" "3.1.0"
  dependencies:
    "slice-ansi" "^5.0.0"
    "string-width" "^5.0.0"

"color-convert@^2.0.1":
  "version" "2.0.1"
  dependencies:
    "color-name" "~1.1.4"

"color-name@~1.1.4":
  "version" "1.1.4"

"color-support@^1.1.2":
  "version" "1.1.3"

"colorette@^2.0.19":
  "version" "2.0.20"

"commander@^10.0.0":
  "version" "10.0.1"

"concat-map@0.0.1":
  "version" "0.0.1"

"console-control-strings@^1.0.0", "console-control-strings@^1.1.0":
  "version" "1.1.0"

"content-disposition@0.5.4":
  "version" "0.5.4"
  dependencies:
    "safe-buffer" "5.2.1"

"content-type@~1.0.4", "content-type@~1.0.5":
  "version" "1.0.5"

"cookie-parser@^1.4.6":
  "version" "1.4.6"
  dependencies:
    "cookie" "0.4.1"
    "cookie-signature" "1.0.6"

"cookie-signature@1.0.6":
  "version" "1.0.6"

"cookie@0.4.1":
  "version" "0.4.1"

"cookie@0.5.0":
  "version" "0.5.0"

"cors@^2.8.5":
  "version" "2.8.5"
  dependencies:
    "object-assign" "^4"
    "vary" "^1"

"create-require@^1.1.0":
  "version" "1.1.1"

"cross-spawn@^7.0.2", "cross-spawn@^7.0.3":
  "version" "7.0.3"
  dependencies:
    "path-key" "^3.1.0"
    "shebang-command" "^2.0.0"
    "which" "^2.0.1"

"debug@^4.1.1", "debug@^4.3.2", "debug@^4.3.4", "debug@4", "debug@4.x":
  "version" "4.3.4"
  dependencies:
    "ms" "2.1.2"

"debug@2.6.9":
  "version" "2.6.9"
  dependencies:
    "ms" "2.0.0"

"deep-is@^0.1.3":
  "version" "0.1.4"

"delegates@^1.0.0":
  "version" "1.0.0"

"depd@2.0.0":
  "version" "2.0.0"

"destroy@1.2.0":
  "version" "1.2.0"

"detect-libc@^2.0.0":
  "version" "2.0.1"

"diff@^4.0.1":
  "version" "4.0.2"

"dir-glob@^3.0.1":
  "version" "3.0.1"
  dependencies:
    "path-type" "^4.0.0"

"doctrine@^3.0.0":
  "version" "3.0.0"
  dependencies:
    "esutils" "^2.0.2"

"dotenv@^16.0.3":
  "version" "16.0.3"

"dynamic-dedupe@^0.3.0":
  "version" "0.3.0"
  dependencies:
    "xtend" "^4.0.0"

"eastasianwidth@^0.2.0":
  "version" "0.2.0"

"ecdsa-sig-formatter@1.0.11":
  "version" "1.0.11"
  dependencies:
    "safe-buffer" "^5.0.1"

"ee-first@1.1.1":
  "version" "1.1.1"

"emoji-regex@^8.0.0":
  "version" "8.0.0"

"emoji-regex@^9.2.2":
  "version" "9.2.2"

"encodeurl@~1.0.2":
  "version" "1.0.2"

"escape-html@~1.0.3":
  "version" "1.0.3"

"escape-string-regexp@^4.0.0":
  "version" "4.0.0"

"eslint-config-prettier@^8.8.0":
  "version" "8.8.0"

"eslint-scope@^5.1.1":
  "version" "5.1.1"
  dependencies:
    "esrecurse" "^4.3.0"
    "estraverse" "^4.1.1"

"eslint-scope@^7.2.0":
  "version" "7.2.0"
  dependencies:
    "esrecurse" "^4.3.0"
    "estraverse" "^5.2.0"

"eslint-visitor-keys@^3.3.0", "eslint-visitor-keys@^3.4.1":
  "version" "3.4.1"

"eslint@^8.41.0":
  "version" "8.41.0"
  dependencies:
    "@eslint-community/eslint-utils" "^4.2.0"
    "@eslint-community/regexpp" "^4.4.0"
    "@eslint/eslintrc" "^2.0.3"
    "@eslint/js" "8.41.0"
    "@humanwhocodes/config-array" "^0.11.8"
    "@humanwhocodes/module-importer" "^1.0.1"
    "@nodelib/fs.walk" "^1.2.8"
    "ajv" "^6.10.0"
    "chalk" "^4.0.0"
    "cross-spawn" "^7.0.2"
    "debug" "^4.3.2"
    "doctrine" "^3.0.0"
    "escape-string-regexp" "^4.0.0"
    "eslint-scope" "^7.2.0"
    "eslint-visitor-keys" "^3.4.1"
    "espree" "^9.5.2"
    "esquery" "^1.4.2"
    "esutils" "^2.0.2"
    "fast-deep-equal" "^3.1.3"
    "file-entry-cache" "^6.0.1"
    "find-up" "^5.0.0"
    "glob-parent" "^6.0.2"
    "globals" "^13.19.0"
    "graphemer" "^1.4.0"
    "ignore" "^5.2.0"
    "import-fresh" "^3.0.0"
    "imurmurhash" "^0.1.4"
    "is-glob" "^4.0.0"
    "is-path-inside" "^3.0.3"
    "js-yaml" "^4.1.0"
    "json-stable-stringify-without-jsonify" "^1.0.1"
    "levn" "^0.4.1"
    "lodash.merge" "^4.6.2"
    "minimatch" "^3.1.2"
    "natural-compare" "^1.4.0"
    "optionator" "^0.9.1"
    "strip-ansi" "^6.0.1"
    "strip-json-comments" "^3.1.0"
    "text-table" "^0.2.0"

"espree@^9.5.2":
  "version" "9.5.2"
  dependencies:
    "acorn" "^8.8.0"
    "acorn-jsx" "^5.3.2"
    "eslint-visitor-keys" "^3.4.1"

"esquery@^1.4.2":
  "version" "1.5.0"
  dependencies:
    "estraverse" "^5.1.0"

"esrecurse@^4.3.0":
  "version" "4.3.0"
  dependencies:
    "estraverse" "^5.2.0"

"estraverse@^4.1.1":
  "version" "4.3.0"

"estraverse@^5.1.0", "estraverse@^5.2.0":
  "version" "5.3.0"

"esutils@^2.0.2":
  "version" "2.0.3"

"etag@~1.8.1":
  "version" "1.8.1"

"execa@^7.0.0":
  "version" "7.1.1"
  dependencies:
    "cross-spawn" "^7.0.3"
    "get-stream" "^6.0.1"
    "human-signals" "^4.3.0"
    "is-stream" "^3.0.0"
    "merge-stream" "^2.0.0"
    "npm-run-path" "^5.1.0"
    "onetime" "^6.0.0"
    "signal-exit" "^3.0.7"
    "strip-final-newline" "^3.0.0"

"express@^4.18.2":
  "version" "4.18.2"
  dependencies:
    "accepts" "~1.3.8"
    "array-flatten" "1.1.1"
    "body-parser" "1.20.1"
    "content-disposition" "0.5.4"
    "content-type" "~1.0.4"
    "cookie" "0.5.0"
    "cookie-signature" "1.0.6"
    "debug" "2.6.9"
    "depd" "2.0.0"
    "encodeurl" "~1.0.2"
    "escape-html" "~1.0.3"
    "etag" "~1.8.1"
    "finalhandler" "1.2.0"
    "fresh" "0.5.2"
    "http-errors" "2.0.0"
    "merge-descriptors" "1.0.1"
    "methods" "~1.1.2"
    "on-finished" "2.4.1"
    "parseurl" "~1.3.3"
    "path-to-regexp" "0.1.7"
    "proxy-addr" "~2.0.7"
    "qs" "6.11.0"
    "range-parser" "~1.2.1"
    "safe-buffer" "5.2.1"
    "send" "0.18.0"
    "serve-static" "1.15.0"
    "setprototypeof" "1.2.0"
    "statuses" "2.0.1"
    "type-is" "~1.6.18"
    "utils-merge" "1.0.1"
    "vary" "~1.1.2"

"fast-deep-equal@^3.1.1", "fast-deep-equal@^3.1.3":
  "version" "3.1.3"

"fast-glob@^3.2.9":
  "version" "3.2.12"
  dependencies:
    "@nodelib/fs.stat" "^2.0.2"
    "@nodelib/fs.walk" "^1.2.3"
    "glob-parent" "^5.1.2"
    "merge2" "^1.3.0"
    "micromatch" "^4.0.4"

"fast-json-stable-stringify@^2.0.0":
  "version" "2.1.0"

"fast-levenshtein@^2.0.6":
  "version" "2.0.6"

"fastq@^1.6.0":
  "version" "1.15.0"
  dependencies:
    "reusify" "^1.0.4"

"file-entry-cache@^6.0.1":
  "version" "6.0.1"
  dependencies:
    "flat-cache" "^3.0.4"

"fill-range@^7.0.1":
  "version" "7.0.1"
  dependencies:
    "to-regex-range" "^5.0.1"

"finalhandler@1.2.0":
  "version" "1.2.0"
  dependencies:
    "debug" "2.6.9"
    "encodeurl" "~1.0.2"
    "escape-html" "~1.0.3"
    "on-finished" "2.4.1"
    "parseurl" "~1.3.3"
    "statuses" "2.0.1"
    "unpipe" "~1.0.0"

"find-up@^5.0.0":
  "version" "5.0.0"
  dependencies:
    "locate-path" "^6.0.0"
    "path-exists" "^4.0.0"

"flat-cache@^3.0.4":
  "version" "3.0.4"
  dependencies:
    "flatted" "^3.1.0"
    "rimraf" "^3.0.2"

"flatted@^3.1.0":
  "version" "3.2.7"

"forwarded@0.2.0":
  "version" "0.2.0"

"fresh@0.5.2":
  "version" "0.5.2"

"fs-minipass@^2.0.0":
  "version" "2.1.0"
  dependencies:
    "minipass" "^3.0.0"

"fs.realpath@^1.0.0":
  "version" "1.0.0"

"function-bind@^1.1.1":
  "version" "1.1.1"

"gauge@^3.0.0":
  "version" "3.0.2"
  dependencies:
    "aproba" "^1.0.3 || ^2.0.0"
    "color-support" "^1.1.2"
    "console-control-strings" "^1.0.0"
    "has-unicode" "^2.0.1"
    "object-assign" "^4.1.1"
    "signal-exit" "^3.0.0"
    "string-width" "^4.2.3"
    "strip-ansi" "^6.0.1"
    "wide-align" "^1.1.2"

"get-intrinsic@^1.0.2":
  "version" "1.2.1"
  dependencies:
    "function-bind" "^1.1.1"
    "has" "^1.0.3"
    "has-proto" "^1.0.1"
    "has-symbols" "^1.0.3"

"get-stream@^6.0.1":
  "version" "6.0.1"

"glob-parent@^5.1.2", "glob-parent@~5.1.2":
  "version" "5.1.2"
  dependencies:
    "is-glob" "^4.0.1"

"glob-parent@^6.0.2":
  "version" "6.0.2"
  dependencies:
    "is-glob" "^4.0.3"

"glob@^7.1.3":
  "version" "7.2.3"
  dependencies:
    "fs.realpath" "^1.0.0"
    "inflight" "^1.0.4"
    "inherits" "2"
    "minimatch" "^3.1.1"
    "once" "^1.3.0"
    "path-is-absolute" "^1.0.0"

"globals@^13.19.0":
  "version" "13.20.0"
  dependencies:
    "type-fest" "^0.20.2"

"globby@^11.1.0":
  "version" "11.1.0"
  dependencies:
    "array-union" "^2.1.0"
    "dir-glob" "^3.0.1"
    "fast-glob" "^3.2.9"
    "ignore" "^5.2.0"
    "merge2" "^1.4.1"
    "slash" "^3.0.0"

"grapheme-splitter@^1.0.4":
  "version" "1.0.4"

"graphemer@^1.4.0":
  "version" "1.4.0"

"has-flag@^4.0.0":
  "version" "4.0.0"

"has-proto@^1.0.1":
  "version" "1.0.1"

"has-symbols@^1.0.3":
  "version" "1.0.3"

"has-unicode@^2.0.1":
  "version" "2.0.1"

"has@^1.0.3":
  "version" "1.0.3"
  dependencies:
    "function-bind" "^1.1.1"

"http-errors@2.0.0":
  "version" "2.0.0"
  dependencies:
    "depd" "2.0.0"
    "inherits" "2.0.4"
    "setprototypeof" "1.2.0"
    "statuses" "2.0.1"
    "toidentifier" "1.0.1"

"http-status@*", "http-status@^1.7.3":
  "version" "1.7.3"

"https-proxy-agent@^5.0.0":
  "version" "5.0.1"
  dependencies:
    "agent-base" "6"
    "debug" "4"

"human-signals@^4.3.0":
  "version" "4.3.1"

"husky@^8.0.3":
  "version" "8.0.3"

"iconv-lite@0.4.24":
  "version" "0.4.24"
  dependencies:
    "safer-buffer" ">= 2.1.2 < 3"

"ignore@^5.2.0":
  "version" "5.2.4"

"import-fresh@^3.0.0", "import-fresh@^3.2.1":
  "version" "3.3.0"
  dependencies:
    "parent-module" "^1.0.0"
    "resolve-from" "^4.0.0"

"imurmurhash@^0.1.4":
  "version" "0.1.4"

"indent-string@^4.0.0":
  "version" "4.0.0"

"inflight@^1.0.4":
  "version" "1.0.6"
  dependencies:
    "once" "^1.3.0"
    "wrappy" "1"

"inherits@^2.0.3", "inherits@2", "inherits@2.0.4":
  "version" "2.0.4"

"ip@^2.0.0":
  "version" "2.0.0"

"ipaddr.js@1.9.1":
  "version" "1.9.1"

"is-binary-path@~2.1.0":
  "version" "2.1.0"
  dependencies:
    "binary-extensions" "^2.0.0"

"is-core-module@^2.11.0":
  "version" "2.12.1"
  dependencies:
    "has" "^1.0.3"

"is-extglob@^2.1.1":
  "version" "2.1.1"

"is-fullwidth-code-point@^3.0.0":
  "version" "3.0.0"

"is-fullwidth-code-point@^4.0.0":
  "version" "4.0.0"

"is-glob@^4.0.0", "is-glob@^4.0.1", "is-glob@^4.0.3", "is-glob@~4.0.1":
  "version" "4.0.3"
  dependencies:
    "is-extglob" "^2.1.1"

"is-number@^7.0.0":
  "version" "7.0.0"

"is-path-inside@^3.0.3":
  "version" "3.0.3"

"is-stream@^3.0.0":
  "version" "3.0.0"

"isexe@^2.0.0":
  "version" "2.0.0"

"js-yaml@^4.1.0":
  "version" "4.1.0"
  dependencies:
    "argparse" "^2.0.1"

"json-schema-traverse@^0.4.1":
  "version" "0.4.1"

"json-stable-stringify-without-jsonify@^1.0.1":
  "version" "1.0.1"

"jsonwebtoken@^9.0.0":
  "version" "9.0.0"
  dependencies:
    "jws" "^3.2.2"
    "lodash" "^4.17.21"
    "ms" "^2.1.1"
    "semver" "^7.3.8"

"jwa@^1.4.1":
  "version" "1.4.1"
  dependencies:
    "buffer-equal-constant-time" "1.0.1"
    "ecdsa-sig-formatter" "1.0.11"
    "safe-buffer" "^5.0.1"

"jws@^3.2.2":
  "version" "3.2.2"
  dependencies:
    "jwa" "^1.4.1"
    "safe-buffer" "^5.0.1"

"kareem@2.5.1":
  "version" "2.5.1"

"levn@^0.4.1":
  "version" "0.4.1"
  dependencies:
    "prelude-ls" "^1.2.1"
    "type-check" "~0.4.0"

"lilconfig@2.1.0":
  "version" "2.1.0"

"lint-staged@^13.2.2":
  "version" "13.2.2"
  dependencies:
    "chalk" "5.2.0"
    "cli-truncate" "^3.1.0"
    "commander" "^10.0.0"
    "debug" "^4.3.4"
    "execa" "^7.0.0"
    "lilconfig" "2.1.0"
    "listr2" "^5.0.7"
    "micromatch" "^4.0.5"
    "normalize-path" "^3.0.0"
    "object-inspect" "^1.12.3"
    "pidtree" "^0.6.0"
    "string-argv" "^0.3.1"
    "yaml" "^2.2.2"

"listr2@^5.0.7":
  "version" "5.0.8"
  dependencies:
    "cli-truncate" "^2.1.0"
    "colorette" "^2.0.19"
    "log-update" "^4.0.0"
    "p-map" "^4.0.0"
    "rfdc" "^1.3.0"
    "rxjs" "^7.8.0"
    "through" "^2.3.8"
    "wrap-ansi" "^7.0.0"

"locate-path@^6.0.0":
  "version" "6.0.0"
  dependencies:
    "p-locate" "^5.0.0"

"lodash.merge@^4.6.2":
  "version" "4.6.2"

"lodash@^4.17.21":
  "version" "4.17.21"

"log-update@^4.0.0":
  "version" "4.0.0"
  dependencies:
    "ansi-escapes" "^4.3.0"
    "cli-cursor" "^3.1.0"
    "slice-ansi" "^4.0.0"
    "wrap-ansi" "^6.2.0"

"lru-cache@^6.0.0":
  "version" "6.0.0"
  dependencies:
    "yallist" "^4.0.0"

"make-dir@^3.1.0":
  "version" "3.1.0"
  dependencies:
    "semver" "^6.0.0"

"make-error@^1.1.1":
  "version" "1.3.6"

"media-typer@0.3.0":
  "version" "0.3.0"

"memory-pager@^1.0.2":
  "version" "1.5.0"

"merge-descriptors@1.0.1":
  "version" "1.0.1"

"merge-stream@^2.0.0":
  "version" "2.0.0"

"merge2@^1.3.0", "merge2@^1.4.1":
  "version" "1.4.1"

"methods@~1.1.2":
  "version" "1.1.2"

"micromatch@^4.0.4", "micromatch@^4.0.5":
  "version" "4.0.5"
  dependencies:
    "braces" "^3.0.2"
    "picomatch" "^2.3.1"

"mime-db@1.52.0":
  "version" "1.52.0"

"mime-types@~2.1.24", "mime-types@~2.1.34":
  "version" "2.1.35"
  dependencies:
    "mime-db" "1.52.0"

"mime@1.6.0":
  "version" "1.6.0"

"mimic-fn@^2.1.0":
  "version" "2.1.0"

"mimic-fn@^4.0.0":
  "version" "4.0.0"

"minimatch@^3.0.5", "minimatch@^3.1.1", "minimatch@^3.1.2":
  "version" "3.1.2"
  dependencies:
    "brace-expansion" "^1.1.7"

"minimist@^1.2.6":
  "version" "1.2.8"

"minipass@^3.0.0":
  "version" "3.3.6"
  dependencies:
    "yallist" "^4.0.0"

"minipass@^5.0.0":
  "version" "5.0.0"

"minizlib@^2.1.1":
  "version" "2.1.2"
  dependencies:
    "minipass" "^3.0.0"
    "yallist" "^4.0.0"

"mkdirp@^1.0.3", "mkdirp@^1.0.4":
  "version" "1.0.4"

"mongodb-connection-string-url@^2.6.0":
  "version" "2.6.0"
  dependencies:
    "@types/whatwg-url" "^8.2.1"
    "whatwg-url" "^11.0.0"

"mongodb@5.7.0":
  "version" "5.7.0"
  dependencies:
    "bson" "^5.4.0"
    "mongodb-connection-string-url" "^2.6.0"
    "socks" "^2.7.1"
  optionalDependencies:
    "saslprep" "^1.0.3"

"mongoose@^7.4.5":
  "version" "7.4.5"
  dependencies:
    "bson" "^5.4.0"
    "kareem" "2.5.1"
    "mongodb" "5.7.0"
    "mpath" "0.9.0"
    "mquery" "5.0.0"
    "ms" "2.1.3"
    "sift" "16.0.1"

"mpath@0.9.0":
  "version" "0.9.0"

"mquery@5.0.0":
  "version" "5.0.0"
  dependencies:
    "debug" "4.x"

"ms@^2.1.1", "ms@2.1.3":
  "version" "2.1.3"

"ms@2.0.0":
  "version" "2.0.0"

"ms@2.1.2":
  "version" "2.1.2"

"natural-compare-lite@^1.4.0":
  "version" "1.4.0"

"natural-compare@^1.4.0":
  "version" "1.4.0"

"negotiator@0.6.3":
  "version" "0.6.3"

"node-addon-api@^5.0.0":
  "version" "5.1.0"

"node-fetch@^2.6.7":
  "version" "2.6.11"
  dependencies:
    "whatwg-url" "^5.0.0"

"nopt@^5.0.0":
  "version" "5.0.0"
  dependencies:
    "abbrev" "1"

"normalize-path@^3.0.0", "normalize-path@~3.0.0":
  "version" "3.0.0"

"npm-run-path@^5.1.0":
  "version" "5.1.0"
  dependencies:
    "path-key" "^4.0.0"

"npmlog@^5.0.1":
  "version" "5.0.1"
  dependencies:
    "are-we-there-yet" "^2.0.0"
    "console-control-strings" "^1.1.0"
    "gauge" "^3.0.0"
    "set-blocking" "^2.0.0"

"object-assign@^4", "object-assign@^4.1.1":
  "version" "4.1.1"

"object-inspect@^1.12.3", "object-inspect@^1.9.0":
  "version" "1.12.3"

"on-finished@2.4.1":
  "version" "2.4.1"
  dependencies:
    "ee-first" "1.1.1"

"once@^1.3.0":
  "version" "1.4.0"
  dependencies:
    "wrappy" "1"

"onetime@^5.1.0":
  "version" "5.1.2"
  dependencies:
    "mimic-fn" "^2.1.0"

"onetime@^6.0.0":
  "version" "6.0.0"
  dependencies:
    "mimic-fn" "^4.0.0"

"optionator@^0.9.1":
  "version" "0.9.1"
  dependencies:
    "deep-is" "^0.1.3"
    "fast-levenshtein" "^2.0.6"
    "levn" "^0.4.1"
    "prelude-ls" "^1.2.1"
    "type-check" "^0.4.0"
    "word-wrap" "^1.2.3"

"p-limit@^3.0.2":
  "version" "3.1.0"
  dependencies:
    "yocto-queue" "^0.1.0"

"p-locate@^5.0.0":
  "version" "5.0.0"
  dependencies:
    "p-limit" "^3.0.2"

"p-map@^4.0.0":
  "version" "4.0.0"
  dependencies:
    "aggregate-error" "^3.0.0"

"parent-module@^1.0.0":
  "version" "1.0.1"
  dependencies:
    "callsites" "^3.0.0"

"parseurl@~1.3.3":
  "version" "1.3.3"

"path-exists@^4.0.0":
  "version" "4.0.0"

"path-is-absolute@^1.0.0":
  "version" "1.0.1"

"path-key@^3.1.0":
  "version" "3.1.1"

"path-key@^4.0.0":
  "version" "4.0.0"

"path-parse@^1.0.7":
  "version" "1.0.7"

"path-to-regexp@0.1.7":
  "version" "0.1.7"

"path-type@^4.0.0":
  "version" "4.0.0"

"picomatch@^2.0.4", "picomatch@^2.2.1", "picomatch@^2.3.1":
  "version" "2.3.1"

"pidtree@^0.6.0":
  "version" "0.6.0"

"prelude-ls@^1.2.1":
  "version" "1.2.1"

"prettier@^2.8.8":
  "version" "2.8.8"

"proxy-addr@~2.0.7":
  "version" "2.0.7"
  dependencies:
    "forwarded" "0.2.0"
    "ipaddr.js" "1.9.1"

"punycode@^2.1.0", "punycode@^2.1.1":
  "version" "2.3.0"

"qs@^6.11.0", "qs@6.11.0":
  "version" "6.11.0"
  dependencies:
    "side-channel" "^1.0.4"

"queue-microtask@^1.2.2":
  "version" "1.2.3"

"range-parser@~1.2.1":
  "version" "1.2.1"

"raw-body@2.5.1":
  "version" "2.5.1"
  dependencies:
    "bytes" "3.1.2"
    "http-errors" "2.0.0"
    "iconv-lite" "0.4.24"
    "unpipe" "1.0.0"

"raw-body@2.5.2":
  "version" "2.5.2"
  dependencies:
    "bytes" "3.1.2"
    "http-errors" "2.0.0"
    "iconv-lite" "0.4.24"
    "unpipe" "1.0.0"

"readable-stream@^3.6.0":
  "version" "3.6.2"
  dependencies:
    "inherits" "^2.0.3"
    "string_decoder" "^1.1.1"
    "util-deprecate" "^1.0.1"

"readdirp@~3.6.0":
  "version" "3.6.0"
  dependencies:
    "picomatch" "^2.2.1"

"resolve-from@^4.0.0":
  "version" "4.0.0"

"resolve@^1.0.0":
  "version" "1.22.2"
  dependencies:
    "is-core-module" "^2.11.0"
    "path-parse" "^1.0.7"
    "supports-preserve-symlinks-flag" "^1.0.0"

"restore-cursor@^3.1.0":
  "version" "3.1.0"
  dependencies:
    "onetime" "^5.1.0"
    "signal-exit" "^3.0.2"

"reusify@^1.0.4":
  "version" "1.0.4"

"rfdc@^1.3.0":
  "version" "1.3.0"

"rimraf@^2.6.1":
  "version" "2.7.1"
  dependencies:
    "glob" "^7.1.3"

"rimraf@^3.0.2":
  "version" "3.0.2"
  dependencies:
    "glob" "^7.1.3"

"run-parallel@^1.1.9":
  "version" "1.2.0"
  dependencies:
    "queue-microtask" "^1.2.2"

"rxjs@^7.8.0":
  "version" "7.8.1"
  dependencies:
    "tslib" "^2.1.0"

"safe-buffer@^5.0.1", "safe-buffer@~5.2.0", "safe-buffer@5.2.1":
  "version" "5.2.1"

"safer-buffer@>= 2.1.2 < 3":
  "version" "2.1.2"

"saslprep@^1.0.3":
  "version" "1.0.3"
  dependencies:
    "sparse-bitfield" "^3.0.3"

"semver@^6.0.0":
  "version" "6.3.0"

"semver@^7.3.5":
  "version" "7.5.3"
  dependencies:
    "lru-cache" "^6.0.0"

"semver@^7.3.7", "semver@^7.3.8":
  "version" "7.5.1"
  dependencies:
    "lru-cache" "^6.0.0"

"send@0.18.0":
  "version" "0.18.0"
  dependencies:
    "debug" "2.6.9"
    "depd" "2.0.0"
    "destroy" "1.2.0"
    "encodeurl" "~1.0.2"
    "escape-html" "~1.0.3"
    "etag" "~1.8.1"
    "fresh" "0.5.2"
    "http-errors" "2.0.0"
    "mime" "1.6.0"
    "ms" "2.1.3"
    "on-finished" "2.4.1"
    "range-parser" "~1.2.1"
    "statuses" "2.0.1"

"serve-static@1.15.0":
  "version" "1.15.0"
  dependencies:
    "encodeurl" "~1.0.2"
    "escape-html" "~1.0.3"
    "parseurl" "~1.3.3"
    "send" "0.18.0"

"set-blocking@^2.0.0":
  "version" "2.0.0"

"setprototypeof@1.2.0":
  "version" "1.2.0"

"shebang-command@^2.0.0":
  "version" "2.0.0"
  dependencies:
    "shebang-regex" "^3.0.0"

"shebang-regex@^3.0.0":
  "version" "3.0.0"

"side-channel@^1.0.4":
  "version" "1.0.4"
  dependencies:
    "call-bind" "^1.0.0"
    "get-intrinsic" "^1.0.2"
    "object-inspect" "^1.9.0"

"sift@16.0.1":
  "version" "16.0.1"

"signal-exit@^3.0.0", "signal-exit@^3.0.2", "signal-exit@^3.0.7":
  "version" "3.0.7"

"slash@^3.0.0":
  "version" "3.0.0"

"slice-ansi@^3.0.0":
  "version" "3.0.0"
  dependencies:
    "ansi-styles" "^4.0.0"
    "astral-regex" "^2.0.0"
    "is-fullwidth-code-point" "^3.0.0"

"slice-ansi@^4.0.0":
  "version" "4.0.0"
  dependencies:
    "ansi-styles" "^4.0.0"
    "astral-regex" "^2.0.0"
    "is-fullwidth-code-point" "^3.0.0"

"slice-ansi@^5.0.0":
  "version" "5.0.0"
  dependencies:
    "ansi-styles" "^6.0.0"
    "is-fullwidth-code-point" "^4.0.0"

"smart-buffer@^4.2.0":
  "version" "4.2.0"

"socks@^2.7.1":
  "version" "2.7.1"
  dependencies:
    "ip" "^2.0.0"
    "smart-buffer" "^4.2.0"

"source-map-support@^0.5.12":
  "version" "0.5.21"
  dependencies:
    "buffer-from" "^1.0.0"
    "source-map" "^0.6.0"

"source-map@^0.6.0":
  "version" "0.6.1"

"sparse-bitfield@^3.0.3":
  "version" "3.0.3"
  dependencies:
    "memory-pager" "^1.0.2"

"statuses@2.0.1":
  "version" "2.0.1"

"string_decoder@^1.1.1":
  "version" "1.3.0"
  dependencies:
    "safe-buffer" "~5.2.0"

"string-argv@^0.3.1":
  "version" "0.3.2"

"string-width@^1.0.2 || 2 || 3 || 4", "string-width@^4.1.0", "string-width@^4.2.0", "string-width@^4.2.3":
  "version" "4.2.3"
  dependencies:
    "emoji-regex" "^8.0.0"
    "is-fullwidth-code-point" "^3.0.0"
    "strip-ansi" "^6.0.1"

"string-width@^5.0.0":
  "version" "5.1.2"
  dependencies:
    "eastasianwidth" "^0.2.0"
    "emoji-regex" "^9.2.2"
    "strip-ansi" "^7.0.1"

"strip-ansi@^6.0.0", "strip-ansi@^6.0.1":
  "version" "6.0.1"
  dependencies:
    "ansi-regex" "^5.0.1"

"strip-ansi@^7.0.1":
  "version" "7.1.0"
  dependencies:
    "ansi-regex" "^6.0.1"

"strip-bom@^3.0.0":
  "version" "3.0.0"

"strip-final-newline@^3.0.0":
  "version" "3.0.0"

"strip-json-comments@^2.0.0":
  "version" "2.0.1"

"strip-json-comments@^3.1.0", "strip-json-comments@^3.1.1":
  "version" "3.1.1"

"stripe@^14.5.0":
  "integrity" "sha512-MTt0P0VYDAj2VZyZMW41AxcXVs9s06EDFIHYat4UUkluJgnBHo4T4E2byPhnxoJCPvdzWBwBLnhWbSOg//VTpA=="
  "resolved" "https://registry.npmjs.org/stripe/-/stripe-14.5.0.tgz"
  "version" "14.5.0"
  dependencies:
    "@types/node" ">=8.1.0"
    "qs" "^6.11.0"

"supports-color@^7.1.0":
  "version" "7.2.0"
  dependencies:
    "has-flag" "^4.0.0"

"supports-preserve-symlinks-flag@^1.0.0":
  "version" "1.0.0"

"tar@^6.1.11":
  "version" "6.1.15"
  dependencies:
    "chownr" "^2.0.0"
    "fs-minipass" "^2.0.0"
    "minipass" "^5.0.0"
    "minizlib" "^2.1.1"
    "mkdirp" "^1.0.3"
    "yallist" "^4.0.0"

"text-table@^0.2.0":
  "version" "0.2.0"

"through@^2.3.8":
  "version" "2.3.8"

"to-regex-range@^5.0.1":
  "version" "5.0.1"
  dependencies:
    "is-number" "^7.0.0"

"toidentifier@1.0.1":
  "version" "1.0.1"

"tr46@^3.0.0":
  "version" "3.0.0"
  dependencies:
    "punycode" "^2.1.1"

"tr46@~0.0.3":
  "version" "0.0.3"

"tree-kill@^1.2.2":
  "version" "1.2.2"

"ts-node-dev@^2.0.0":
  "version" "2.0.0"
  dependencies:
    "chokidar" "^3.5.1"
    "dynamic-dedupe" "^0.3.0"
    "minimist" "^1.2.6"
    "mkdirp" "^1.0.4"
    "resolve" "^1.0.0"
    "rimraf" "^2.6.1"
    "source-map-support" "^0.5.12"
    "tree-kill" "^1.2.2"
    "ts-node" "^10.4.0"
    "tsconfig" "^7.0.0"

"ts-node@^10.4.0":
  "version" "10.9.1"
  dependencies:
    "@cspotcode/source-map-support" "^0.8.0"
    "@tsconfig/node10" "^1.0.7"
    "@tsconfig/node12" "^1.0.7"
    "@tsconfig/node14" "^1.0.0"
    "@tsconfig/node16" "^1.0.2"
    "acorn" "^8.4.1"
    "acorn-walk" "^8.1.1"
    "arg" "^4.1.0"
    "create-require" "^1.1.0"
    "diff" "^4.0.1"
    "make-error" "^1.1.1"
    "v8-compile-cache-lib" "^3.0.1"
    "yn" "3.1.1"

"tsconfig@^7.0.0":
  "version" "7.0.0"
  dependencies:
    "@types/strip-bom" "^3.0.0"
    "@types/strip-json-comments" "0.0.30"
    "strip-bom" "^3.0.0"
    "strip-json-comments" "^2.0.0"

"tslib@^1.8.1":
  "version" "1.14.1"

"tslib@^2.1.0":
  "version" "2.5.2"

"tsutils@^3.21.0":
  "version" "3.21.0"
  dependencies:
    "tslib" "^1.8.1"

"type-check@^0.4.0", "type-check@~0.4.0":
  "version" "0.4.0"
  dependencies:
    "prelude-ls" "^1.2.1"

"type-fest@^0.20.2":
  "version" "0.20.2"

"type-fest@^0.21.3":
  "version" "0.21.3"

"type-is@~1.6.18":
  "version" "1.6.18"
  dependencies:
    "media-typer" "0.3.0"
    "mime-types" "~2.1.24"

"typescript@^5.0.4":
  "version" "5.0.4"

"unpipe@~1.0.0", "unpipe@1.0.0":
  "version" "1.0.0"

"uri-js@^4.2.2":
  "version" "4.4.1"
  dependencies:
    "punycode" "^2.1.0"

"util-deprecate@^1.0.1":
  "version" "1.0.2"

"utils-merge@1.0.1":
  "version" "1.0.1"

"v8-compile-cache-lib@^3.0.1":
  "version" "3.0.1"

"vary@^1", "vary@~1.1.2":
  "version" "1.1.2"

"webidl-conversions@^3.0.0":
  "version" "3.0.1"

"webidl-conversions@^7.0.0":
  "version" "7.0.0"

"whatwg-url@^11.0.0":
  "version" "11.0.0"
  dependencies:
    "tr46" "^3.0.0"
    "webidl-conversions" "^7.0.0"

"whatwg-url@^5.0.0":
  "version" "5.0.0"
  dependencies:
    "tr46" "~0.0.3"
    "webidl-conversions" "^3.0.0"

"which@^2.0.1":
  "version" "2.0.2"
  dependencies:
    "isexe" "^2.0.0"

"wide-align@^1.1.2":
  "version" "1.1.5"
  dependencies:
    "string-width" "^1.0.2 || 2 || 3 || 4"

"word-wrap@^1.2.3":
  "version" "1.2.3"

"wrap-ansi@^6.2.0":
  "version" "6.2.0"
  dependencies:
    "ansi-styles" "^4.0.0"
    "string-width" "^4.1.0"
    "strip-ansi" "^6.0.0"

"wrap-ansi@^7.0.0":
  "version" "7.0.0"
  dependencies:
    "ansi-styles" "^4.0.0"
    "string-width" "^4.1.0"
    "strip-ansi" "^6.0.0"

"wrappy@1":
  "version" "1.0.2"

"xtend@^4.0.0":
  "version" "4.0.2"

"yallist@^4.0.0":
  "version" "4.0.0"

"yaml@^2.2.2":
  "version" "2.3.1"

"yn@3.1.1":
  "version" "3.1.1"

"yocto-queue@^0.1.0":
  "version" "0.1.0"

"zod@^3.22.2":
  "version" "3.22.2"
